
Microsoft Visual Studio Solution File, Format Version 12.00
# Visual Studio Version 17
VisualStudioVersion = 17.9.34616.47
MinimumVisualStudioVersion = 10.0.40219.1
Project("{FAE04EC0-301F-11D3-BF4B-00C04F79EFBC}") = "entero", "entero.csproj", "{5052DA77-607C-400E-B711-D3E6A8E8B0B3}"
EndProject
Global
	GlobalSection(SolutionConfigurationPlatforms) = preSolution
		Debug|Any CPU = Debug|Any CPU
		Release|Any CPU = Release|Any CPU
	EndGlobalSection
	GlobalSection(ProjectConfigurationPlatforms) = postSolution
		{5052DA77-607C-400E-B711-D3E6A8E8B0B3}.Debug|Any CPU.ActiveCfg = Debug|Any CPU
		{5052DA77-607C-400E-B711-D3E6A8E8B0B3}.Debug|Any CPU.Build.0 = Debug|Any CPU
		{5052DA77-607C-400E-B711-D3E6A8E8B0B3}.Release|Any CPU.ActiveCfg = Release|Any CPU
		{5052DA77-607C-400E-B711-D3E6A8E8B0B3}.Release|Any CPU.Build.0 = Release|Any CPU
	EndGlobalSection
	GlobalSection(SolutionProperties) = preSolution
		HideSolutionNode = FALSE
	EndGlobalSection
	GlobalSection(ExtensibilityGlobals) = postSolution
		SolutionGuid = {67569A18-C1AC-417C-BF9B-A5CEE03FB7DE}
	EndGlobalSection
EndGlobal
